{
  "name": "@jeduan/kitchen-orders",
  "version": "0.1.0",
  "lockfileVersion": 1,
  "requires": true,
  "dependencies": {
    "@babel/code-frame": {
      "version": "7.12.13",
      "resolved": "https://registry.npmjs.org/@babel/code-frame/-/code-frame-7.12.13.tgz",
      "integrity": "sha512-HV1Cm0Q3ZrpCR93tkWOYiuYIgLxZXZFVG2VgK+MBWjUqZTundupbfx2aXarXuw5Ko5aMcjtJgbSs4vUGBS5v6g==",
      "dev": true,
      "requires": {
        "@babel/highlight": "^7.12.13"
      }
    },
    "@babel/helper-validator-identifier": {
      "version": "7.12.11",
      "resolved": "https://registry.npmjs.org/@babel/helper-validator-identifier/-/helper-validator-identifier-7.12.11.tgz",
      "integrity": "sha512-np/lG3uARFybkoHokJUmf1QfEvRVCPbmQeUQpKow5cQ3xWrV9i3rUHodKDJPQfTVX61qKi+UdYk8kik84n7XOw==",
      "dev": true
    },
    "@babel/highlight": {
      "version": "7.13.10",
      "resolved": "https://registry.npmjs.org/@babel/highlight/-/highlight-7.13.10.tgz",
      "integrity": "sha512-5aPpe5XQPzflQrFwL1/QoeHkP2MsA4JCntcXHRhEsdsfPVkvPi2w7Qix4iV7t5S/oC9OodGrggd8aco1g3SZFg==",
      "dev": true,
      "requires": {
        "@babel/helper-validator-identifier": "^7.12.11",
        "chalk": "^2.0.0",
        "js-tokens": "^4.0.0"
      },
      "dependencies": {
        "ansi-styles": {
          "version": "3.2.1",
          "resolved": "https://registry.npmjs.org/ansi-styles/-/ansi-styles-3.2.1.tgz",
          "integrity": "sha512-VT0ZI6kZRdTh8YyJw3SMbYm/u+NqfsAxEpWO0Pf9sq8/e94WxxOpPKx9FR1FlyCtOVDNOQ+8ntlqFxiRc+r5qA==",
          "dev": true,
          "requires": {
            "color-convert": "^1.9.0"
          }
        },
        "chalk": {
          "version": "2.4.2",
          "resolved": "https://registry.npmjs.org/chalk/-/chalk-2.4.2.tgz",
          "integrity": "sha512-Mti+f9lpJNcwF4tWV8/OrTTtF1gZi+f8FqlyAdouralcFWFQWF2+NgCHShjkCb+IFBLq9buZwE1xckQU4peSuQ==",
          "dev": true,
          "requires": {
            "ansi-styles": "^3.2.1",
            "escape-string-regexp": "^1.0.5",
            "supports-color": "^5.3.0"
          }
        },
        "color-convert": {
          "version": "1.9.3",
          "resolved": "https://registry.npmjs.org/color-convert/-/color-convert-1.9.3.tgz",
          "integrity": "sha512-QfAUtd+vFdAtFQcC8CCyYt1fYWxSqAiK2cSD6zDB8N3cpsEBAvRxp9zOGg6G/SHHJYAT88/az/IuDGALsNVbGg==",
          "dev": true,
          "requires": {
            "color-name": "1.1.3"
          }
        },
        "color-name": {
          "version": "1.1.3",
          "resolved": "https://registry.npmjs.org/color-name/-/color-name-1.1.3.tgz",
          "integrity": "sha1-p9BVi9icQveV3UIyj3QIMcpTvCU=",
          "dev": true
        },
        "has-flag": {
          "version": "3.0.0",
          "resolved": "https://registry.npmjs.org/has-flag/-/has-flag-3.0.0.tgz",
          "integrity": "sha1-tdRU3CGZriJWmfNGfloH87lVuv0=",
          "dev": true
        },
        "js-tokens": {
          "version": "4.0.0",
          "resolved": "https://registry.npmjs.org/js-tokens/-/js-tokens-4.0.0.tgz",
          "integrity": "sha512-RdJUflcE3cUzKiMqQgsCu06FPu9UdIJO0beYbPhHN4k6apgJtifcoCtT9bcxOpYBtpD2kCM6Sbzg4CausW/PKQ==",
          "dev": true
        },
        "supports-color": {
          "version": "5.5.0",
          "resolved": "https://registry.npmjs.org/supports-color/-/supports-color-5.5.0.tgz",
          "integrity": "sha512-QjVjwdXIt408MIiAqCX4oUKsgU2EqAGzs2Ppkm4aQYbjm+ZEWEcW4SfFNTr4uMNZma0ey4f5lgLrkB0aX0QMow==",
          "dev": true,
          "requires": {
            "has-flag": "^3.0.0"
          }
        }
      }
    },
    "@types/normalize-package-data": {
      "version": "2.4.0",
      "resolved": "https://registry.npmjs.org/@types/normalize-package-data/-/normalize-package-data-2.4.0.tgz",
      "integrity": "sha512-f5j5b/Gf71L+dbqxIpQ4Z2WlmI/mPJ0fOkGGmFgtb6sAu97EPczzbS3/tJKxmcYDj55OX6ssqwDAWOHIYDRDGA==",
      "dev": true
    },
    "boom": {
      "version": "5.1.0",
      "resolved": "https://registry.npmjs.org/boom/-/boom-5.1.0.tgz",
      "integrity": "sha1-Awj6jpJM1tQtnDv0iDvcmPDnHfg="
    },
    "code": {
      "version": "4.1.0",
      "resolved": "https://registry.npmjs.org/code/-/code-4.1.0.tgz",
      "integrity": "sha1-IJrRHQWvigwceq9pTZ+k0sfZW4U=",
      "dev": true
    },
    "color-convert": {
      "version": "2.0.1",
      "resolved": "https://registry.npmjs.org/color-convert/-/color-convert-2.0.1.tgz",
      "integrity": "sha512-RRECPsj7iu/xb5oKYcsFHSppFNnsj/52OVTRKb4zP5onXwVF3zVmmToNcOfGC+CRDpfK/U584fMg38ZHCaElKQ==",
      "dev": true,
      "requires": {
        "color-name": "~1.1.4"
      }
    },
    "color-name": {
      "version": "1.1.4",
      "resolved": "https://registry.npmjs.org/color-name/-/color-name-1.1.4.tgz",
      "integrity": "sha512-dOy+3AuW3a2wNbZHIuMZpTcgjGuLU/uBL/ubcZF9OXbDo8ff4O8yVp5Bf0efS8uEoYo5q4Fx7dY9OgQGXgAsQA==",
      "dev": true
    },
    "concurrently": {
      "version": "6.0.1",
      "resolved": "https://registry.npmjs.org/concurrently/-/concurrently-6.0.1.tgz",
      "integrity": "sha512-YCF/Wf31a910hXu7eGN9/SyHKD/usw3Shw4IPYuqIsxxC39v92engYlIlOs/zXnBJtX/6aVuhgzfhZeGJkhU4w==",
      "dev": true,
      "requires": {
        "chalk": "^4.1.0",
        "date-fns": "^2.16.1",
        "lodash": "^4.17.20",
        "read-pkg": "^5.2.0",
        "rxjs": "^6.6.3",
        "spawn-command": "^0.0.2-1",
        "supports-color": "^8.1.0",
        "tree-kill": "^1.2.2",
        "yargs": "^16.2.0"
      },
      "dependencies": {
        "ansi-regex": {
          "version": "5.0.0",
          "resolved": "https://registry.npmjs.org/ansi-regex/-/ansi-regex-5.0.0.tgz",
          "integrity": "sha512-bY6fj56OUQ0hU1KjFNDQuJFezqKdrAyFdIevADiqrWHwSlbmBNMHp5ak2f40Pm8JTFyM2mqxkG6ngkHO11f/lg==",
          "dev": true
        },
        "ansi-styles": {
          "version": "4.3.0",
          "resolved": "https://registry.npmjs.org/ansi-styles/-/ansi-styles-4.3.0.tgz",
          "integrity": "sha512-zbB9rCJAT1rbjiVDb2hqKFHNYLxgtk8NURxZ3IZwD3F6NtxbXZQCnnSi1Lkx+IDohdPlFp222wVALIheZJQSEg==",
          "dev": true,
          "requires": {
            "color-convert": "^2.0.1"
          }
        },
        "chalk": {
          "version": "4.1.0",
          "resolved": "https://registry.npmjs.org/chalk/-/chalk-4.1.0.tgz",
          "integrity": "sha512-qwx12AxXe2Q5xQ43Ac//I6v5aXTipYrSESdOgzrN+9XjgEpyjpKuvSGaN4qE93f7TQTlerQQ8S+EQ0EyDoVL1A==",
          "dev": true,
          "requires": {
            "ansi-styles": "^4.1.0",
            "supports-color": "^7.1.0"
          },
          "dependencies": {
            "supports-color": {
              "version": "7.2.0",
              "resolved": "https://registry.npmjs.org/supports-color/-/supports-color-7.2.0.tgz",
              "integrity": "sha512-qpCAvRl9stuOHveKsn7HncJRvv501qIacKzQlO/+Lwxc9+0q2wLyv4Dfvt80/DPn2pqOBsJdDiogXGR9+OvwRw==",
              "dev": true,
              "requires": {
                "has-flag": "^4.0.0"
              }
            }
          }
        },
        "cliui": {
          "version": "7.0.4",
          "resolved": "https://registry.npmjs.org/cliui/-/cliui-7.0.4.tgz",
          "integrity": "sha512-OcRE68cOsVMXp1Yvonl/fzkQOyjLSu/8bhPDfQt0e0/Eb283TKP20Fs2MqoPsr9SwA595rRCA+QMzYc9nBP+JQ==",
          "dev": true,
          "requires": {
            "string-width": "^4.2.0",
            "strip-ansi": "^6.0.0",
            "wrap-ansi": "^7.0.0"
          }
        },
        "date-fns": {
          "version": "2.19.0",
          "resolved": "https://registry.npmjs.org/date-fns/-/date-fns-2.19.0.tgz",
          "integrity": "sha512-X3bf2iTPgCAQp9wvjOQytnf5vO5rESYRXlPIVcgSbtT5OTScPcsf9eZU+B/YIkKAtYr5WeCii58BgATrNitlWg==",
          "dev": true
        },
        "has-flag": {
          "version": "4.0.0",
          "resolved": "https://registry.npmjs.org/has-flag/-/has-flag-4.0.0.tgz",
          "integrity": "sha512-EykJT/Q1KjTWctppgIAgfSO0tKVuZUjhgMr17kqTumMl6Afv3EISleU7qZUzoXDFTAHTDC4NOoG/ZxU3EvlMPQ==",
          "dev": true
        },
        "is-fullwidth-code-point": {
          "version": "3.0.0",
          "resolved": "https://registry.npmjs.org/is-fullwidth-code-point/-/is-fullwidth-code-point-3.0.0.tgz",
          "integrity": "sha512-zymm5+u+sCsSWyD9qNaejV3DFvhCKclKdizYaJUuHA83RLjb7nSuGnddCHGv0hk+KY7BMAlsWeK4Ueg6EV6XQg==",
          "dev": true
        },
        "lodash": {
          "version": "4.17.21",
          "resolved": "https://registry.npmjs.org/lodash/-/lodash-4.17.21.tgz",
          "integrity": "sha512-v2kDEe57lecTulaDIuNTPy3Ry4gLGJ6Z1O3vE1krgXZNrsQ+LFTGHVxVjcXPs17LhbZVGedAJv8XZ1tvj5FvSg==",
          "dev": true
        },
        "normalize-package-data": {
          "version": "2.5.0",
          "resolved": "https://registry.npmjs.org/normalize-package-data/-/normalize-package-data-2.5.0.tgz",
          "integrity": "sha512-/5CMN3T0R4XTj4DcGaexo+roZSdSFW/0AOOTROrjxzCG1wrWXEsGbRKevjlIL+ZDE4sZlJr5ED4YW0yqmkK+eA==",
          "dev": true,
          "requires": {
            "hosted-git-info": "^2.1.4",
            "resolve": "^1.10.0",
            "semver": "2 || 3 || 4 || 5",
            "validate-npm-package-license": "^3.0.1"
          }
        },
        "parse-json": {
          "version": "5.2.0",
          "resolved": "https://registry.npmjs.org/parse-json/-/parse-json-5.2.0.tgz",
          "integrity": "sha512-ayCKvm/phCGxOkYRSCM82iDwct8/EonSEgCSxWxD7ve6jHggsFl4fZVQBPRNgQoKiuV/odhFrGzQXZwbifC8Rg==",
          "dev": true,
          "requires": {
            "@babel/code-frame": "^7.0.0",
            "error-ex": "^1.3.1",
            "json-parse-even-better-errors": "^2.3.0",
            "lines-and-columns": "^1.1.6"
          }
        },
        "path-parse": {
          "version": "1.0.6",
          "resolved": "https://registry.npmjs.org/path-parse/-/path-parse-1.0.6.tgz",
          "integrity": "sha512-GSmOT2EbHrINBf9SR7CDELwlJ8AENk3Qn7OikK4nFYAu3Ote2+JYNVvkpAEQm3/TLNEJFD/xZJjzyxg3KBWOzw==",
          "dev": true
        },
        "read-pkg": {
          "version": "5.2.0",
          "resolved": "https://registry.npmjs.org/read-pkg/-/read-pkg-5.2.0.tgz",
          "integrity": "sha512-Ug69mNOpfvKDAc2Q8DRpMjjzdtrnv9HcSMX+4VsZxD1aZ6ZzrIE7rlzXBtWTyhULSMKg076AW6WR5iZpD0JiOg==",
          "dev": true,
          "requires": {
            "@types/normalize-package-data": "^2.4.0",
            "normalize-package-data": "^2.5.0",
            "parse-json": "^5.0.0",
            "type-fest": "^0.6.0"
          }
        },
        "resolve": {
          "version": "1.20.0",
          "resolved": "https://registry.npmjs.org/resolve/-/resolve-1.20.0.tgz",
          "integrity": "sha512-wENBPt4ySzg4ybFQW2TT1zMQucPK95HSh/nq2CFTZVOGut2+pQvSsgtda4d26YrYcr067wjbmzOG8byDPBX63A==",
          "dev": true,
          "requires": {
            "is-core-module": "^2.2.0",
            "path-parse": "^1.0.6"
          }
        },
        "string-width": {
          "version": "4.2.2",
          "resolved": "https://registry.npmjs.org/string-width/-/string-width-4.2.2.tgz",
          "integrity": "sha512-XBJbT3N4JhVumXE0eoLU9DCjcaF92KLNqTmFCnG1pf8duUxFGwtP6AD6nkjw9a3IdiRtL3E2w3JDiE/xi3vOeA==",
          "dev": true,
          "requires": {
            "emoji-regex": "^8.0.0",
            "is-fullwidth-code-point": "^3.0.0",
            "strip-ansi": "^6.0.0"
          }
        },
        "strip-ansi": {
          "version": "6.0.0",
          "resolved": "https://registry.npmjs.org/strip-ansi/-/strip-ansi-6.0.0.tgz",
          "integrity": "sha512-AuvKTrTfQNYNIctbR1K/YGTR1756GycPsg7b9bdV9Duqur4gv6aKqHXah67Z8ImS7WEz5QVcOtlfW2rZEugt6w==",
          "dev": true,
          "requires": {
            "ansi-regex": "^5.0.0"
          }
        },
        "supports-color": {
          "version": "8.1.1",
          "resolved": "https://registry.npmjs.org/supports-color/-/supports-color-8.1.1.tgz",
          "integrity": "sha512-MpUEN2OodtUzxvKQl72cUF7RQ5EiHsGvSsVG0ia9c5RbWGL2CI4C7EpPS8UTBIplnlzZiNuV56w+FuNxy3ty2Q==",
          "dev": true,
          "requires": {
            "has-flag": "^4.0.0"
          }
        },
        "tree-kill": {
          "version": "1.2.2",
          "resolved": "https://registry.npmjs.org/tree-kill/-/tree-kill-1.2.2.tgz",
          "integrity": "sha512-L0Orpi8qGpRG//Nd+H90vFB+3iHnue1zSSGmNOOCh1GLJ7rUKVwV2HvijphGQS2UmhUZewS9VgvxYIdgr+fG1A==",
          "dev": true
        },
        "yargs": {
          "version": "16.2.0",
          "resolved": "https://registry.npmjs.org/yargs/-/yargs-16.2.0.tgz",
          "integrity": "sha512-D1mvvtDG0L5ft/jGWkLpG1+m0eQxOfaBvTNELraWj22wSVUMWxZUvYgJYcKh6jGGIkJFhH4IZPQhR4TKpc8mBw==",
          "dev": true,
          "requires": {
            "cliui": "^7.0.2",
            "escalade": "^3.1.1",
            "get-caller-file": "^2.0.5",
            "require-directory": "^2.1.1",
            "string-width": "^4.2.0",
            "y18n": "^5.0.5",
            "yargs-parser": "^20.2.2"
          }
        }
      }
    },
    "date-fns": {
      "version": "1.28.5",
      "resolved": "https://registry.npmjs.org/date-fns/-/date-fns-1.28.5.tgz",
      "integrity": "sha1-JXz8RdMi30XvVlhmWWfuhBzXP68="
    },
    "emoji-regex": {
      "version": "8.0.0",
      "resolved": "https://registry.npmjs.org/emoji-regex/-/emoji-regex-8.0.0.tgz",
      "integrity": "sha512-MSjYzcWNOA0ewAHpz0MxpYFvwg6yjy1NG3xteoqz644VCo/RPgnr1/GGt+ic3iJTzQ8Eu3TdM14SawnVUmGE6A==",
      "dev": true
    },
    "error-ex": {
      "version": "1.3.1",
      "resolved": "https://registry.npmjs.org/error-ex/-/error-ex-1.3.1.tgz",
      "integrity": "sha1-+FWobOYa3E6GIcPNoh56dhLDqNw=",
      "dev": true
    },
    "escalade": {
      "version": "3.1.1",
      "resolved": "https://registry.npmjs.org/escalade/-/escalade-3.1.1.tgz",
      "integrity": "sha512-k0er2gUkLf8O0zKJiAhmkTnJlTvINGv7ygDNPbeIsX/TJjGJZHuh9B2UxbsaEkmlEo9MfhrSzmhIlhRlI2GXnw==",
      "dev": true
    },
    "escape-string-regexp": {
      "version": "1.0.5",
      "resolved": "https://registry.npmjs.org/escape-string-regexp/-/escape-string-regexp-1.0.5.tgz",
      "integrity": "sha1-G2HAViGQqN/2rjuyzwIAyhMLhtQ=",
      "dev": true
    },
    "eslint-config-standard": {
      "version": "10.2.1",
      "resolved": "https://registry.npmjs.org/eslint-config-standard/-/eslint-config-standard-10.2.1.tgz",
      "integrity": "sha1-wGHk0GbzedwXzVYsZOgZtN1FRZE=",
      "dev": true
    },
    "eslint-plugin-import": {
      "version": "2.3.0",
      "resolved": "https://registry.npmjs.org/eslint-plugin-import/-/eslint-plugin-import-2.3.0.tgz",
      "integrity": "sha1-N8gB4K2g4pbL3yDD85OstbUq82s=",
      "dev": true
    },
    "eslint-plugin-node": {
      "version": "5.0.0",
      "resolved": "https://registry.npmjs.org/eslint-plugin-node/-/eslint-plugin-node-5.0.0.tgz",
      "integrity": "sha512-9xERRx9V/8ciUHlTDlz9S4JiTL6Dc5oO+jKTy2mvQpxjhycpYZXzTT1t90IXjf+nAYw6/8sDnZfkeixJHxromA==",
      "dev": true
    },
    "eslint-plugin-promise": {
      "version": "3.5.0",
      "resolved": "https://registry.npmjs.org/eslint-plugin-promise/-/eslint-plugin-promise-3.5.0.tgz",
      "integrity": "sha1-ePu2/+BHIBYnVp6FpsU3OvKmj8o=",
      "dev": true
    },
    "eslint-plugin-standard": {
      "version": "3.0.1",
      "resolved": "https://registry.npmjs.org/eslint-plugin-standard/-/eslint-plugin-standard-3.0.1.tgz",
      "integrity": "sha1-NNDJFbRe3G8BA5PH7vOCOwhWXPI=",
      "dev": true
    },
    "faker": {
      "version": "4.1.0",
      "resolved": "https://registry.npmjs.org/faker/-/faker-4.1.0.tgz",
      "integrity": "sha1-HkW7vsxndLPBlfrSg1EJxtdIzD8="
    },
    "get-caller-file": {
      "version": "2.0.5",
      "resolved": "https://registry.npmjs.org/get-caller-file/-/get-caller-file-2.0.5.tgz",
      "integrity": "sha512-DyFP3BM/3YHTQOCUL/w0OZHR0lpKeGrxotcHWcqNEdnltqFwXVfhEBQ94eIo34AfQpo0rGki4cyIiftY06h2Fg==",
      "dev": true
    },
    "hapi": {
      "version": "16.4.2",
      "resolved": "https://registry.npmjs.org/hapi/-/hapi-16.4.2.tgz",
      "integrity": "sha512-Lx2TnP8LdNyHHWEbN+/EWM6ykTjLu8HwkGjcl5xVHQuum7qbIIGhuyVQfSIPidgmAhRfyCv8KgWCvDYxLjMTSA=="
    },
    "hoek": {
      "version": "4.1.1",
      "resolved": "https://registry.npmjs.org/hoek/-/hoek-4.1.1.tgz",
      "integrity": "sha1-nMVz/7ore0CPtenCoTeWvpTN3Ok="
    },
    "hosted-git-info": {
      "version": "2.4.2",
      "resolved": "https://registry.npmjs.org/hosted-git-info/-/hosted-git-info-2.4.2.tgz",
      "integrity": "sha1-AHa59GonBQbduq6lZJaJdGBhKmc=",
      "dev": true
    },
    "inert": {
      "version": "4.2.0",
      "resolved": "https://registry.npmjs.org/inert/-/inert-4.2.0.tgz",
      "integrity": "sha1-aqXajOGZgutyqr70vdpk/WdQsAU=",
      "dependencies": {
        "boom": {
          "version": "4.3.1",
          "resolved": "https://registry.npmjs.org/boom/-/boom-4.3.1.tgz",
          "integrity": "sha1-T4owBctKfjiJ90kDD9JbluAdLjE="
        }
      }
    },
    "is-core-module": {
      "version": "2.2.0",
      "resolved": "https://registry.npmjs.org/is-core-module/-/is-core-module-2.2.0.tgz",
      "integrity": "sha512-XRAfAdyyY5F5cOXn7hYQDqh2Xmii+DEfIcQGxK/uNwMHhIkPWO0g8msXcbzLe+MpGoR951MlqM/2iIlU4vKDdQ==",
      "dev": true,
      "requires": {
        "has": "^1.0.3"
      },
      "dependencies": {
        "function-bind": {
          "version": "1.1.1",
          "resolved": "https://registry.npmjs.org/function-bind/-/function-bind-1.1.1.tgz",
          "integrity": "sha512-yIovAzMX49sF8Yl58fSCWJ5svSLuaibPxXQJFLmBObTuCr0Mf1KiPopGM9NiFjiYBCbfaa2Fh6breQ6ANVTI0A==",
          "dev": true
        },
        "has": {
          "version": "1.0.3",
          "resolved": "https://registry.npmjs.org/has/-/has-1.0.3.tgz",
          "integrity": "sha512-f2dvO0VU6Oej7RkWJGrehjbzMAjFp5/VKPp5tTpWIV4JHHZK1/BxbFRtf/siA2SWTe09caDmVtYYzWEIbBS4zw==",
          "dev": true,
          "requires": {
            "function-bind": "^1.1.1"
          }
        }
      }
    },
    "joi": {
      "version": "10.5.2",
      "resolved": "https://registry.npmjs.org/joi/-/joi-10.5.2.tgz",
      "integrity": "sha512-Do/NXTokq86nvFfggE4UbwNnyzvALn3Ay+gMwQSAkrQoWTYc4LvkabhypVZiqDZq0TbtVhUpOphe4dmKB6/Pxg=="
    },
    "json-parse-even-better-errors": {
      "version": "2.3.1",
      "resolved": "https://registry.npmjs.org/json-parse-even-better-errors/-/json-parse-even-better-errors-2.3.1.tgz",
      "integrity": "sha512-xyFwyhro/JEof6Ghe2iz2NcXoj2sloNsWr/XsERDK/oiPCfaNhl5ONfp+jQdAZRQQ0IJWNzH9zIZF7li91kh2w==",
      "dev": true
    },
    "lab": {
      "version": "13.1.0",
      "resolved": "https://registry.npmjs.org/lab/-/lab-13.1.0.tgz",
      "integrity": "sha1-mD5lfQovDz1ibYBv+OArK89goPY=",
      "dev": true
    },
    "lines-and-columns": {
      "version": "1.1.6",
      "resolved": "https://registry.npmjs.org/lines-and-columns/-/lines-and-columns-1.1.6.tgz",
      "integrity": "sha1-HADHQ7QzzQpOgHWPe2SldEDZ/wA=",
      "dev": true
    },
    "lodash": {
      "version": "4.17.4",
      "resolved": "https://registry.npmjs.org/lodash/-/lodash-4.17.4.tgz",
      "integrity": "sha1-eCA6TRwyiuHYbcpkYONptX9AVa4="
    },
    "nodemon": {
      "version": "1.11.0",
      "resolved": "https://registry.npmjs.org/nodemon/-/nodemon-1.11.0.tgz",
      "integrity": "sha1-ImxWK9KnsT09dRi0mtSCijYj0Gw=",
      "dev": true
    },
    "require-directory": {
      "version": "2.1.1",
      "resolved": "https://registry.npmjs.org/require-directory/-/require-directory-2.1.1.tgz",
      "integrity": "sha1-jGStX9MNqxyXbiNE/+f3kqam30I=",
      "dev": true
    },
    "rxjs": {
      "version": "6.6.7",
      "resolved": "https://registry.npmjs.org/rxjs/-/rxjs-6.6.7.tgz",
      "integrity": "sha512-hTdwr+7yYNIT5n4AMYp85KA6yw2Va0FLa3Rguvbpa4W3I5xynaBZo41cM3XM+4Q6fRMj3sBYIR1VAmZMXYJvRQ==",
      "dev": true,
      "requires": {
        "tslib": "^1.9.0"
      }
    },
    "semver": {
      "version": "5.3.0",
      "resolved": "https://registry.npmjs.org/semver/-/semver-5.3.0.tgz",
      "integrity": "sha1-myzl094C0XxgEq0yaqa00M9U+U8=",
      "dev": true
    },
    "spawn-command": {
      "version": "0.0.2-1",
      "resolved": "https://registry.npmjs.org/spawn-command/-/spawn-command-0.0.2-1.tgz",
      "integrity": "sha1-YvXpRmmBwbeW3Fkpk34RycaSG9A=",
      "dev": true
    },
    "sqlite": {
      "version": "2.8.0",
      "resolved": "https://registry.npmjs.org/sqlite/-/sqlite-2.8.0.tgz",
      "integrity": "sha1-rLbRhppSQcVwFsiGBuygCfDzG5A="
    },
    "tslib": {
      "version": "1.14.1",
      "resolved": "https://registry.npmjs.org/tslib/-/tslib-1.14.1.tgz",
      "integrity": "sha512-Xni35NKzjgMrwevysHTCArtLDpPvye8zV/0E4EyYn43P7/7qvQwPh9BGkHewbMulVntbigmcT7rdX3BNo9wRJg==",
      "dev": true
    },
    "type-fest": {
      "version": "0.6.0",
      "resolved": "https://registry.npmjs.org/type-fest/-/type-fest-0.6.0.tgz",
      "integrity": "sha512-q+MB8nYR1KDLrgr4G5yemftpMC7/QLqVndBmEEdqzmNj5dcFOO4Oo8qlwZE3ULT3+Zim1F8Kq4cBnikNhlCMlg==",
      "dev": true
    },
    "validate-npm-package-license": {
      "version": "3.0.1",
      "resolved": "https://registry.npmjs.org/validate-npm-package-license/-/validate-npm-package-license-3.0.1.tgz",
      "integrity": "sha1-KAS6vnEq0zeUWaz74kdGqywwP7w=",
      "dev": true
    },
    "wrap-ansi": {
      "version": "7.0.0",
      "resolved": "https://registry.npmjs.org/wrap-ansi/-/wrap-ansi-7.0.0.tgz",
      "integrity": "sha512-YVGIj2kamLSTxw6NsZjoBxfSwsn0ycdesmc4p+Q21c5zPuZ1pl+NfxVdxPtdHvmNVOQ6XSYG4AUtyt/Fi7D16Q==",
      "dev": true,
      "requires": {
        "ansi-styles": "^4.0.0",
        "string-width": "^4.1.0",
        "strip-ansi": "^6.0.0"
      },
      "dependencies": {
        "ansi-regex": {
          "version": "5.0.0",
          "resolved": "https://registry.npmjs.org/ansi-regex/-/ansi-regex-5.0.0.tgz",
          "integrity": "sha512-bY6fj56OUQ0hU1KjFNDQuJFezqKdrAyFdIevADiqrWHwSlbmBNMHp5ak2f40Pm8JTFyM2mqxkG6ngkHO11f/lg==",
          "dev": true
        },
        "ansi-styles": {
          "version": "4.3.0",
          "resolved": "https://registry.npmjs.org/ansi-styles/-/ansi-styles-4.3.0.tgz",
          "integrity": "sha512-zbB9rCJAT1rbjiVDb2hqKFHNYLxgtk8NURxZ3IZwD3F6NtxbXZQCnnSi1Lkx+IDohdPlFp222wVALIheZJQSEg==",
          "dev": true,
          "requires": {
            "color-convert": "^2.0.1"
          }
        },
        "is-fullwidth-code-point": {
          "version": "3.0.0",
          "resolved": "https://registry.npmjs.org/is-fullwidth-code-point/-/is-fullwidth-code-point-3.0.0.tgz",
          "integrity": "sha512-zymm5+u+sCsSWyD9qNaejV3DFvhCKclKdizYaJUuHA83RLjb7nSuGnddCHGv0hk+KY7BMAlsWeK4Ueg6EV6XQg==",
          "dev": true
        },
        "string-width": {
          "version": "4.2.2",
          "resolved": "https://registry.npmjs.org/string-width/-/string-width-4.2.2.tgz",
          "integrity": "sha512-XBJbT3N4JhVumXE0eoLU9DCjcaF92KLNqTmFCnG1pf8duUxFGwtP6AD6nkjw9a3IdiRtL3E2w3JDiE/xi3vOeA==",
          "dev": true,
          "requires": {
            "emoji-regex": "^8.0.0",
            "is-fullwidth-code-point": "^3.0.0",
            "strip-ansi": "^6.0.0"
          }
        },
        "strip-ansi": {
          "version": "6.0.0",
          "resolved": "https://registry.npmjs.org/strip-ansi/-/strip-ansi-6.0.0.tgz",
          "integrity": "sha512-AuvKTrTfQNYNIctbR1K/YGTR1756GycPsg7b9bdV9Duqur4gv6aKqHXah67Z8ImS7WEz5QVcOtlfW2rZEugt6w==",
          "dev": true,
          "requires": {
            "ansi-regex": "^5.0.0"
          }
        }
      }
    },
    "y18n": {
      "version": "5.0.6",
      "resolved": "https://registry.npmjs.org/y18n/-/y18n-5.0.6.tgz",
      "integrity": "sha512-PlVX4Y0lDTN6E2V4ES2tEdyvXkeKzxa8c/vo0pxPr/TqbztddTP0yn7zZylIyiAuxerqj0Q5GhpJ1YJCP8LaZQ==",
      "dev": true
    },
    "yargs-parser": {
      "version": "20.2.7",
      "resolved": "https://registry.npmjs.org/yargs-parser/-/yargs-parser-20.2.7.tgz",
      "integrity": "sha512-FiNkvbeHzB/syOjIUxFDCnhSfzAL8R5vs40MgLFBorXACCOAEaWu0gRZl14vG8MR9AOJIZbmkjhusqBYZ3HTHw==",
      "dev": true
    }
  }
}
