{
  "name": "@jeduan/kitchen-orders",
  "version": "0.1.0",
  "lockfileVersion": 1,
  "requires": true,
  "dependencies": {
    "boom": {
      "version": "5.1.0",
      "resolved": "https://registry.npmjs.org/boom/-/boom-5.1.0.tgz",
      "integrity": "sha1-Awj6jpJM1tQtnDv0iDvcmPDnHfg="
    },
    "code": {
      "version": "4.1.0",
      "resolved": "https://registry.npmjs.org/code/-/code-4.1.0.tgz",
      "integrity": "sha1-IJrRHQWvigwceq9pTZ+k0sfZW4U=",
      "dev": true
    },
    "concurrently": {
      "version": "3.4.0",
      "resolved": "https://registry.npmjs.org/concurrently/-/concurrently-3.4.0.tgz",
      "integrity": "sha1-YGYrPe/eBzdbrhmqwKt4DsdIunk=",
      "dev": true
    },
    "date-fns": {
      "version": "2.21.1",
      "resolved": "https://registry.npmjs.org/date-fns/-/date-fns-2.21.1.tgz",
      "integrity": "sha512-m1WR0xGiC6j6jNFAyW4Nvh4WxAi4JF4w9jRJwSI8nBmNcyZXPcP9VUQG+6gHQXAmqaGEKDKhOqAtENDC941UkA=="
    },
    "eslint-config-standard": {
      "version": "10.2.1",
      "resolved": "https://registry.npmjs.org/eslint-config-standard/-/eslint-config-standard-10.2.1.tgz",
      "integrity": "sha1-wGHk0GbzedwXzVYsZOgZtN1FRZE=",
      "dev": true
    },
    "eslint-plugin-import": {
      "version": "2.3.0",
      "resolved": "https://registry.npmjs.org/eslint-plugin-import/-/eslint-plugin-import-2.3.0.tgz",
      "integrity": "sha1-N8gB4K2g4pbL3yDD85OstbUq82s=",
      "dev": true
    },
    "eslint-plugin-node": {
      "version": "5.0.0",
      "resolved": "https://registry.npmjs.org/eslint-plugin-node/-/eslint-plugin-node-5.0.0.tgz",
      "integrity": "sha512-9xERRx9V/8ciUHlTDlz9S4JiTL6Dc5oO+jKTy2mvQpxjhycpYZXzTT1t90IXjf+nAYw6/8sDnZfkeixJHxromA==",
      "dev": true
    },
    "eslint-plugin-promise": {
      "version": "3.5.0",
      "resolved": "https://registry.npmjs.org/eslint-plugin-promise/-/eslint-plugin-promise-3.5.0.tgz",
      "integrity": "sha1-ePu2/+BHIBYnVp6FpsU3OvKmj8o=",
      "dev": true
    },
    "eslint-plugin-standard": {
      "version": "3.0.1",
      "resolved": "https://registry.npmjs.org/eslint-plugin-standard/-/eslint-plugin-standard-3.0.1.tgz",
      "integrity": "sha1-NNDJFbRe3G8BA5PH7vOCOwhWXPI=",
      "dev": true
    },
    "faker": {
      "version": "4.1.0",
      "resolved": "https://registry.npmjs.org/faker/-/faker-4.1.0.tgz",
      "integrity": "sha1-HkW7vsxndLPBlfrSg1EJxtdIzD8="
    },
    "hapi": {
      "version": "16.4.2",
      "resolved": "https://registry.npmjs.org/hapi/-/hapi-16.4.2.tgz",
      "integrity": "sha512-Lx2TnP8LdNyHHWEbN+/EWM6ykTjLu8HwkGjcl5xVHQuum7qbIIGhuyVQfSIPidgmAhRfyCv8KgWCvDYxLjMTSA=="
    },
    "hoek": {
      "version": "4.1.1",
      "resolved": "https://registry.npmjs.org/hoek/-/hoek-4.1.1.tgz",
      "integrity": "sha1-nMVz/7ore0CPtenCoTeWvpTN3Ok="
    },
    "inert": {
      "version": "4.2.0",
      "resolved": "https://registry.npmjs.org/inert/-/inert-4.2.0.tgz",
      "integrity": "sha1-aqXajOGZgutyqr70vdpk/WdQsAU=",
      "dependencies": {
        "boom": {
          "version": "4.3.1",
          "resolved": "https://registry.npmjs.org/boom/-/boom-4.3.1.tgz",
          "integrity": "sha1-T4owBctKfjiJ90kDD9JbluAdLjE="
        }
      }
    },
    "joi": {
      "version": "10.5.2",
      "resolved": "https://registry.npmjs.org/joi/-/joi-10.5.2.tgz",
      "integrity": "sha512-Do/NXTokq86nvFfggE4UbwNnyzvALn3Ay+gMwQSAkrQoWTYc4LvkabhypVZiqDZq0TbtVhUpOphe4dmKB6/Pxg=="
    },
    "lab": {
      "version": "13.1.0",
      "resolved": "https://registry.npmjs.org/lab/-/lab-13.1.0.tgz",
      "integrity": "sha1-mD5lfQovDz1ibYBv+OArK89goPY=",
      "dev": true
    },
    "lodash": {
      "version": "4.17.4",
      "resolved": "https://registry.npmjs.org/lodash/-/lodash-4.17.4.tgz",
      "integrity": "sha1-eCA6TRwyiuHYbcpkYONptX9AVa4="
    },
    "nodemon": {
      "version": "1.11.0",
      "resolved": "https://registry.npmjs.org/nodemon/-/nodemon-1.11.0.tgz",
      "integrity": "sha1-ImxWK9KnsT09dRi0mtSCijYj0Gw=",
      "dev": true
    },
    "sqlite": {
      "version": "2.8.0",
      "resolved": "https://registry.npmjs.org/sqlite/-/sqlite-2.8.0.tgz",
      "integrity": "sha1-rLbRhppSQcVwFsiGBuygCfDzG5A="
    }
  }
}
